
Microsoft Visual Studio Solution File, Format Version 12.00
# Visual Studio Version 17
VisualStudioVersion = 17.7.34221.43
MinimumVisualStudioVersion = 10.0.40219.1
Project("{FAE04EC0-301F-11D3-BF4B-00C04F79EFBC}") = "WCF_Chat", "WCF_Chat\WCF_Chat.csproj", "{2CD68BE0-1A08-4782-8E1E-8C2770AA9AEE}"
EndProject
Project("{FAE04EC0-301F-11D3-BF4B-00C04F79EFBC}") = "ChatHost", "ChatHost\ChatHost.csproj", "{8794EA68-CAEC-4FB5-ABDE-2A9B15B4A3C9}"
EndProject
Global
	GlobalSection(SolutionConfigurationPlatforms) = preSolution
		Debug|Any CPU = Debug|Any CPU
		Release|Any CPU = Release|Any CPU
	EndGlobalSection
	GlobalSection(ProjectConfigurationPlatforms) = postSolution
		{2CD68BE0-1A08-4782-8E1E-8C2770AA9AEE}.Debug|Any CPU.ActiveCfg = Debug|Any CPU
		{2CD68BE0-1A08-4782-8E1E-8C2770AA9AEE}.Debug|Any CPU.Build.0 = Debug|Any CPU
		{2CD68BE0-1A08-4782-8E1E-8C2770AA9AEE}.Release|Any CPU.ActiveCfg = Release|Any CPU
		{2CD68BE0-1A08-4782-8E1E-8C2770AA9AEE}.Release|Any CPU.Build.0 = Release|Any CPU
		{8794EA68-CAEC-4FB5-ABDE-2A9B15B4A3C9}.Debug|Any CPU.ActiveCfg = Debug|Any CPU
		{8794EA68-CAEC-4FB5-ABDE-2A9B15B4A3C9}.Debug|Any CPU.Build.0 = Debug|Any CPU
		{8794EA68-CAEC-4FB5-ABDE-2A9B15B4A3C9}.Release|Any CPU.ActiveCfg = Release|Any CPU
		{8794EA68-CAEC-4FB5-ABDE-2A9B15B4A3C9}.Release|Any CPU.Build.0 = Release|Any CPU
	EndGlobalSection
	GlobalSection(SolutionProperties) = preSolution
		HideSolutionNode = FALSE
	EndGlobalSection
	GlobalSection(ExtensibilityGlobals) = postSolution
		SolutionGuid = {42834CA8-520C-43E5-BE5F-C43BB56F3B10}
	EndGlobalSection
EndGlobal
